
Microsoft Visual Studio Solution File, Format Version 12.00
# Visual Studio 15
VisualStudioVersion = 15.0.27130.2024
MinimumVisualStudioVersion = 10.0.40219.1
Project("{FAE04EC0-301F-11D3-BF4B-00C04F79EFBC}") = "Clippi", "Clippi.csproj", "{A5E9E9C6-FC84-8D27-E8D2-AAB0EA40C69F}"
EndProject
Global
	GlobalSection(SolutionConfigurationPlatforms) = preSolution
		Debug|Any CPU = Debug|Any CPU
		Release|Any CPU = Release|Any CPU
	EndGlobalSection
	GlobalSection(ProjectConfigurationPlatforms) = postSolution
		{A5E9E9C6-FC84-8D27-E8D2-AAB0EA40C69F}.Debug|Any CPU.ActiveCfg = Debug|Any CPU
		{A5E9E9C6-FC84-8D27-E8D2-AAB0EA40C69F}.Debug|Any CPU.Build.0 = Debug|Any CPU
		{A5E9E9C6-FC84-8D27-E8D2-AAB0EA40C69F}.Release|Any CPU.ActiveCfg = Release|Any CPU
		{A5E9E9C6-FC84-8D27-E8D2-AAB0EA40C69F}.Release|Any CPU.Build.0 = Release|Any CPU
	EndGlobalSection
	GlobalSection(SolutionProperties) = preSolution
		HideSolutionNode = FALSE
	EndGlobalSection
	GlobalSection(ExtensibilityGlobals) = postSolution
		SolutionGuid = {202822E3-0BA6-4F17-85C6-873165E0406B}
	EndGlobalSection
EndGlobal
